
Microsoft Visual Studio Solution File, Format Version 12.00
# Visual Studio Version 17
VisualStudioVersion = 17.13.35818.85
MinimumVisualStudioVersion = 10.0.40219.1
Project("{FAE04EC0-301F-11D3-BF4B-00C04F79EFBC}") = "SURIMI.AppHost", "SURIMI.AppHost\SURIMI.AppHost.csproj", "{43B6C22B-12F9-403A-A147-79ADBB851072}"
EndProject
Project("{2150E333-8FDC-42A3-9474-1A3956D46DE8}") = "Solution Items", "Solution Items", "{8EC462FD-D22E-90A8-E5CE-7E832BA40C5D}"
	ProjectSection(SolutionItems) = preProject
		.editorconfig = .editorconfig
		.gitignore = .gitignore
		NuGet.config = NuGet.config
		README.md = README.md
	EndProjectSection
EndProject
Project("{FAE04EC0-301F-11D3-BF4B-00C04F79EFBC}") = "SURIMI.Controller.Tests", "SURIMI.Controller.Tests\SURIMI.Controller.Tests.csproj", "{A94B6CCC-2475-455C-8F90-188D271B5CC0}"
EndProject
Project("{FAE04EC0-301F-11D3-BF4B-00C04F79EFBC}") = "SURIMI-controller", "SURIMI-controller\SURIMI-controller.csproj", "{AD5C0F55-C3ED-E2DC-2F61-5D7846ABAFE9}"
EndProject
Project("{FAE04EC0-301F-11D3-BF4B-00C04F79EFBC}") = "SURIMI-gui", "SURIMI-gui\SURIMI-gui.csproj", "{366BF7B7-F268-A9E2-A495-D05439EB9680}"
EndProject
Global
	GlobalSection(SolutionConfigurationPlatforms) = preSolution
		Debug|Any CPU = Debug|Any CPU
		Release|Any CPU = Release|Any CPU
	EndGlobalSection
	GlobalSection(ProjectConfigurationPlatforms) = postSolution
		{43B6C22B-12F9-403A-A147-79ADBB851072}.Debug|Any CPU.ActiveCfg = Debug|Any CPU
		{43B6C22B-12F9-403A-A147-79ADBB851072}.Debug|Any CPU.Build.0 = Debug|Any CPU
		{43B6C22B-12F9-403A-A147-79ADBB851072}.Release|Any CPU.ActiveCfg = Release|Any CPU
		{43B6C22B-12F9-403A-A147-79ADBB851072}.Release|Any CPU.Build.0 = Release|Any CPU
		{A94B6CCC-2475-455C-8F90-188D271B5CC0}.Debug|Any CPU.ActiveCfg = Debug|Any CPU
		{A94B6CCC-2475-455C-8F90-188D271B5CC0}.Debug|Any CPU.Build.0 = Debug|Any CPU
		{A94B6CCC-2475-455C-8F90-188D271B5CC0}.Release|Any CPU.ActiveCfg = Release|Any CPU
		{A94B6CCC-2475-455C-8F90-188D271B5CC0}.Release|Any CPU.Build.0 = Release|Any CPU
		{AD5C0F55-C3ED-E2DC-2F61-5D7846ABAFE9}.Debug|Any CPU.ActiveCfg = Debug|Any CPU
		{AD5C0F55-C3ED-E2DC-2F61-5D7846ABAFE9}.Debug|Any CPU.Build.0 = Debug|Any CPU
		{AD5C0F55-C3ED-E2DC-2F61-5D7846ABAFE9}.Release|Any CPU.ActiveCfg = Release|Any CPU
		{AD5C0F55-C3ED-E2DC-2F61-5D7846ABAFE9}.Release|Any CPU.Build.0 = Release|Any CPU
		{366BF7B7-F268-A9E2-A495-D05439EB9680}.Debug|Any CPU.ActiveCfg = Debug|Any CPU
		{366BF7B7-F268-A9E2-A495-D05439EB9680}.Debug|Any CPU.Build.0 = Debug|Any CPU
		{366BF7B7-F268-A9E2-A495-D05439EB9680}.Release|Any CPU.ActiveCfg = Release|Any CPU
		{366BF7B7-F268-A9E2-A495-D05439EB9680}.Release|Any CPU.Build.0 = Release|Any CPU
	EndGlobalSection
	GlobalSection(SolutionProperties) = preSolution
		HideSolutionNode = FALSE
	EndGlobalSection
	GlobalSection(ExtensibilityGlobals) = postSolution
		SolutionGuid = {EB1BE4EF-6413-43EE-B00C-E49FA557AD9D}
	EndGlobalSection
EndGlobal
